{
  "nodes": {
    "home-manager": {
      "inputs": {
        "nixpkgs": [
          "nixpkgs"
        ]
      },
      "locked": {
        "lastModified": 1767848478,
        "narHash": "sha256-+prxDHTtPcsEn7m7hDuTKqX/+nVppmEq8vfhd/I7erg=",
        "owner": "nix-community",
        "repo": "home-manager",
        "rev": "d4c406cfa8044234d48ea58a6191bb2d8337a0ef",
        "type": "github"
      },
      "original": {
        "owner": "nix-community",
        "repo": "home-manager",
        "type": "github"
      }
    },
    "nixpkgs": {
      "locked": {
        "lastModified": 1767767207,
        "narHash": "sha256-Mj3d3PfwltLmukFal5i3fFt27L6NiKXdBezC1EBuZs4=",
        "owner": "nixos",
        "repo": "nixpkgs",
        "rev": "5912c1772a44e31bf1c63c0390b90501e5026886",
        "type": "github"
      },
      "original": {
        "owner": "nixos",
        "ref": "nixos-unstable",
        "repo": "nixpkgs",
        "type": "github"
      }
    },
    "noctalia": {
      "inputs": {
        "nixpkgs": [
          "nixpkgs"
        ]
      },
      "locked": {
        "lastModified": 1767843783,
        "narHash": "sha256-TdVPsCT+mp7kU0Ssku96Nx8gv9GYNBF1FVtnAFsuagg=",
        "owner": "noctalia-dev",
        "repo": "noctalia-shell",
        "rev": "87bcbf69781300b9f877fe3c27034252a4633743",
        "type": "github"
      },
      "original": {
        "owner": "noctalia-dev",
        "repo": "noctalia-shell",
        "type": "github"
      }
    },
    "quickshell": {
      "inputs": {
        "nixpkgs": [
          "nixpkgs"
        ]
      },
      "locked": {
        "lastModified": 1767693058,
        "narHash": "sha256-rnLX8IA4yMbKHjYmJPcYCcWrqJ50B8WApQW62l+V9LE=",
        "owner": "outfoxxed",
        "repo": "quickshell",
        "rev": "6742148cf4a8415a9c51fdeb11d8c3ea716c2e14",
        "type": "github"
      },
      "original": {
        "owner": "outfoxxed",
        "repo": "quickshell",
        "type": "github"
      }
    },
    "root": {
      "inputs": {
        "home-manager": "home-manager",
        "nixpkgs": "nixpkgs",
        "noctalia": "noctalia",
        "quickshell": "quickshell"
      }
    }
  },
  "root": "root",
  "version": 7
}
